
Microsoft Visual Studio Solution File, Format Version 12.00
# Visual Studio Version 17
VisualStudioVersion = 17.7.34031.279
MinimumVisualStudioVersion = 10.0.40219.1
Project("{FAE04EC0-301F-11D3-BF4B-00C04F79EFBC}") = "testApp1", "testApp1\testApp1.csproj", "{CC2C971B-7410-487B-B18D-C20A1C08613F}"
EndProject
Global
	GlobalSection(SolutionConfigurationPlatforms) = preSolution
		Debug|Any CPU = Debug|Any CPU
		Release|Any CPU = Release|Any CPU
	EndGlobalSection
	GlobalSection(ProjectConfigurationPlatforms) = postSolution
		{CC2C971B-7410-487B-B18D-C20A1C08613F}.Debug|Any CPU.ActiveCfg = Debug|Any CPU
		{CC2C971B-7410-487B-B18D-C20A1C08613F}.Debug|Any CPU.Build.0 = Debug|Any CPU
		{CC2C971B-7410-487B-B18D-C20A1C08613F}.Release|Any CPU.ActiveCfg = Release|Any CPU
		{CC2C971B-7410-487B-B18D-C20A1C08613F}.Release|Any CPU.Build.0 = Release|Any CPU
	EndGlobalSection
	GlobalSection(SolutionProperties) = preSolution
		HideSolutionNode = FALSE
	EndGlobalSection
	GlobalSection(ExtensibilityGlobals) = postSolution
		SolutionGuid = {3CEDC34D-1598-4F4A-9484-E06DE78377B4}
	EndGlobalSection
EndGlobal
